
Microsoft Visual Studio Solution File, Format Version 12.00
# Visual Studio 15
VisualStudioVersion = 15.0.28307.489
MinimumVisualStudioVersion = 10.0.40219.1
Project("{FAE04EC0-301F-11D3-BF4B-00C04F79EFBC}") = "HttpRequestAssert", "HttpRequestAssert\HttpRequestAssert.csproj", "{5020A2A4-7E73-4CDD-912C-CA0CC82E5D86}"
EndProject
Global
	GlobalSection(SolutionConfigurationPlatforms) = preSolution
		Debug|Any CPU = Debug|Any CPU
		Release|Any CPU = Release|Any CPU
	EndGlobalSection
	GlobalSection(ProjectConfigurationPlatforms) = postSolution
		{5020A2A4-7E73-4CDD-912C-CA0CC82E5D86}.Debug|Any CPU.ActiveCfg = Debug|Any CPU
		{5020A2A4-7E73-4CDD-912C-CA0CC82E5D86}.Debug|Any CPU.Build.0 = Debug|Any CPU
		{5020A2A4-7E73-4CDD-912C-CA0CC82E5D86}.Release|Any CPU.ActiveCfg = Release|Any CPU
		{5020A2A4-7E73-4CDD-912C-CA0CC82E5D86}.Release|Any CPU.Build.0 = Release|Any CPU
	EndGlobalSection
	GlobalSection(SolutionProperties) = preSolution
		HideSolutionNode = FALSE
	EndGlobalSection
	GlobalSection(ExtensibilityGlobals) = postSolution
		SolutionGuid = {7A3D7338-2C5A-4FC9-AB10-5CD2103BDB07}
	EndGlobalSection
EndGlobal
